
Microsoft Visual Studio Solution File, Format Version 12.00
# Visual Studio Version 16
VisualStudioVersion = 16.0.29503.13
MinimumVisualStudioVersion = 10.0.40219.1
Project("{9A19103F-16F7-4668-BE54-9A1E7A4F7556}") = "ApolloWebUI", "ApolloWebUI\ApolloWebUI.csproj", "{72D7F756-1210-4E75-9F38-9F112626C74F}"
EndProject
Project("{2150E333-8FDC-42A3-9474-1A3956D46DE8}") = "src", "src", "{A2DC3375-BE12-449A-AB2D-79E543E5DE72}"
EndProject
Global
	GlobalSection(SolutionConfigurationPlatforms) = preSolution
		Debug|Any CPU = Debug|Any CPU
		Release|Any CPU = Release|Any CPU
	EndGlobalSection
	GlobalSection(ProjectConfigurationPlatforms) = postSolution
		{72D7F756-1210-4E75-9F38-9F112626C74F}.Debug|Any CPU.ActiveCfg = Debug|Any CPU
		{72D7F756-1210-4E75-9F38-9F112626C74F}.Debug|Any CPU.Build.0 = Debug|Any CPU
		{72D7F756-1210-4E75-9F38-9F112626C74F}.Release|Any CPU.ActiveCfg = Release|Any CPU
		{72D7F756-1210-4E75-9F38-9F112626C74F}.Release|Any CPU.Build.0 = Release|Any CPU
	EndGlobalSection
	GlobalSection(SolutionProperties) = preSolution
		HideSolutionNode = FALSE
	EndGlobalSection
	GlobalSection(NestedProjects) = preSolution
		{72D7F756-1210-4E75-9F38-9F112626C74F} = {A2DC3375-BE12-449A-AB2D-79E543E5DE72}
	EndGlobalSection
	GlobalSection(ExtensibilityGlobals) = postSolution
		SolutionGuid = {FB638071-0FFA-4A8F-A05F-9CA3DDAA843A}
	EndGlobalSection
EndGlobal
